
Microsoft Visual Studio Solution File, Format Version 12.00
# Visual Studio Version 17
VisualStudioVersion = 17.0.32014.148
MinimumVisualStudioVersion = 10.0.40219.1
Project("{9A19103F-16F7-4668-BE54-9A1E7A4F7556}") = "Tiveria.Home.Knx.SampleApp", "src\Tiveria.Home.Knx.SampleApp\Tiveria.Home.Knx.SampleApp.csproj", "{88D14116-4455-4374-9FA2-5AE3556CDF2F}"
EndProject
Project("{9A19103F-16F7-4668-BE54-9A1E7A4F7556}") = "Tiveria.Home.Knx", "src\Tiveria.Home.Knx\Tiveria.Home.Knx.csproj", "{CBB4C5D9-3D25-493E-AB99-843957C785E0}"
EndProject
Project("{9A19103F-16F7-4668-BE54-9A1E7A4F7556}") = "Tiveria.Home.Knx.Tests", "tests\Tiveria.Home.Knx.Tests\Tiveria.Home.Knx.Tests.csproj", "{EAC40ED3-1E4C-4ADE-BAE3-07543571B15C}"
EndProject
Project("{2150E333-8FDC-42A3-9474-1A3956D46DE8}") = "Solution Items", "Solution Items", "{053047C0-C1A7-47A5-B3F0-F9A82C3BAE29}"
	ProjectSection(SolutionItems) = preProject
		.github\workflows\default-flow.yml = .github\workflows\default-flow.yml
		GitVersion.yml = GitVersion.yml
		LICENSE = LICENSE
		.github\workflows\publish-flow.yml = .github\workflows\publish-flow.yml
		README.md = README.md
	EndProjectSection
EndProject
Project("{9A19103F-16F7-4668-BE54-9A1E7A4F7556}") = "Tiveria.Home.Knx.IP", "src\Tiveria.Home.Knx.IP\Tiveria.Home.Knx.IP.csproj", "{6C51ACCD-8DD0-4FDB-8AAC-CE067382CD23}"
EndProject
Project("{9A19103F-16F7-4668-BE54-9A1E7A4F7556}") = "Tiveria.Home.Knx.ObjectServer", "src\Tiveria.Home.Knx.ObjectServer\Tiveria.Home.Knx.ObjectServer.csproj", "{14EE05E1-652C-4DB7-AA82-B88B4F4189B0}"
EndProject
Project("{2150E333-8FDC-42A3-9474-1A3956D46DE8}") = "samples", "samples", "{14DE20B1-7238-45B5-8432-A96D825E6447}"
EndProject
Project("{FAE04EC0-301F-11D3-BF4B-00C04F79EFBC}") = "Tiveria.Home.Knx.DocumentationGenerator", "tools\Tiveria.Home.Knx.DocumentationGenerator\Tiveria.Home.Knx.DocumentationGenerator.csproj", "{30672748-0989-4FC5-8345-5555EA66E40F}"
EndProject
Global
	GlobalSection(SolutionConfigurationPlatforms) = preSolution
		Debug|Any CPU = Debug|Any CPU
		Release|Any CPU = Release|Any CPU
	EndGlobalSection
	GlobalSection(ProjectConfigurationPlatforms) = postSolution
		{88D14116-4455-4374-9FA2-5AE3556CDF2F}.Debug|Any CPU.ActiveCfg = Debug|Any CPU
		{88D14116-4455-4374-9FA2-5AE3556CDF2F}.Debug|Any CPU.Build.0 = Debug|Any CPU
		{88D14116-4455-4374-9FA2-5AE3556CDF2F}.Release|Any CPU.ActiveCfg = Release|Any CPU
		{88D14116-4455-4374-9FA2-5AE3556CDF2F}.Release|Any CPU.Build.0 = Release|Any CPU
		{CBB4C5D9-3D25-493E-AB99-843957C785E0}.Debug|Any CPU.ActiveCfg = Debug|Any CPU
		{CBB4C5D9-3D25-493E-AB99-843957C785E0}.Debug|Any CPU.Build.0 = Debug|Any CPU
		{CBB4C5D9-3D25-493E-AB99-843957C785E0}.Release|Any CPU.ActiveCfg = Release|Any CPU
		{CBB4C5D9-3D25-493E-AB99-843957C785E0}.Release|Any CPU.Build.0 = Release|Any CPU
		{EAC40ED3-1E4C-4ADE-BAE3-07543571B15C}.Debug|Any CPU.ActiveCfg = Debug|Any CPU
		{EAC40ED3-1E4C-4ADE-BAE3-07543571B15C}.Debug|Any CPU.Build.0 = Debug|Any CPU
		{EAC40ED3-1E4C-4ADE-BAE3-07543571B15C}.Release|Any CPU.ActiveCfg = Release|Any CPU
		{EAC40ED3-1E4C-4ADE-BAE3-07543571B15C}.Release|Any CPU.Build.0 = Release|Any CPU
		{6C51ACCD-8DD0-4FDB-8AAC-CE067382CD23}.Debug|Any CPU.ActiveCfg = Debug|Any CPU
		{6C51ACCD-8DD0-4FDB-8AAC-CE067382CD23}.Debug|Any CPU.Build.0 = Debug|Any CPU
		{6C51ACCD-8DD0-4FDB-8AAC-CE067382CD23}.Release|Any CPU.ActiveCfg = Release|Any CPU
		{6C51ACCD-8DD0-4FDB-8AAC-CE067382CD23}.Release|Any CPU.Build.0 = Release|Any CPU
		{14EE05E1-652C-4DB7-AA82-B88B4F4189B0}.Debug|Any CPU.ActiveCfg = Debug|Any CPU
		{14EE05E1-652C-4DB7-AA82-B88B4F4189B0}.Debug|Any CPU.Build.0 = Debug|Any CPU
		{14EE05E1-652C-4DB7-AA82-B88B4F4189B0}.Release|Any CPU.ActiveCfg = Release|Any CPU
		{14EE05E1-652C-4DB7-AA82-B88B4F4189B0}.Release|Any CPU.Build.0 = Release|Any CPU
		{30672748-0989-4FC5-8345-5555EA66E40F}.Debug|Any CPU.ActiveCfg = Debug|Any CPU
		{30672748-0989-4FC5-8345-5555EA66E40F}.Debug|Any CPU.Build.0 = Debug|Any CPU
		{30672748-0989-4FC5-8345-5555EA66E40F}.Release|Any CPU.ActiveCfg = Release|Any CPU
		{30672748-0989-4FC5-8345-5555EA66E40F}.Release|Any CPU.Build.0 = Release|Any CPU
	EndGlobalSection
	GlobalSection(SolutionProperties) = preSolution
		HideSolutionNode = FALSE
	EndGlobalSection
	GlobalSection(ExtensibilityGlobals) = postSolution
		SolutionGuid = {84BA5D2F-7CE3-451C-9F74-5CFA244C810E}
	EndGlobalSection
EndGlobal
